// !$*UTF8*$!
{
	archiveVersion = 1;
	classes = {
	};
	objectVersion = 51;
	objects = {

/* Begin PBXBuildFile section */
		DC40D5B2A6CB54730D8DDF85 /* Pods_Spotify.framework in Frameworks */ = {isa = PBXBuildFile; fileRef = 581EBB9BD267DDC8124BAAA0 /* Pods_Spotify.framework */; };
		FA2B86952651980C00993280 /* AlbumViewController.swift in Sources */ = {isa = PBXBuildFile; fileRef = FA2B86942651980C00993280 /* AlbumViewController.swift */; };
		FA2B8697265248C200993280 /* AlbumDetailsResponse.swift in Sources */ = {isa = PBXBuildFile; fileRef = FA2B8696265248C200993280 /* AlbumDetailsResponse.swift */; };
		FA2B869926525D2100993280 /* PlaylistDetailsResponse.swift in Sources */ = {isa = PBXBuildFile; fileRef = FA2B869826525D2100993280 /* PlaylistDetailsResponse.swift */; };
		FA39AA5D263C642A0086C2CD /* AppDelegate.swift in Sources */ = {isa = PBXBuildFile; fileRef = FA39AA5C263C642A0086C2CD /* AppDelegate.swift */; };
		FA39AA5F263C642A0086C2CD /* SceneDelegate.swift in Sources */ = {isa = PBXBuildFile; fileRef = FA39AA5E263C642A0086C2CD /* SceneDelegate.swift */; };
		FA39AA61263C642A0086C2CD /* HomeViewController.swift in Sources */ = {isa = PBXBuildFile; fileRef = FA39AA60263C642A0086C2CD /* HomeViewController.swift */; };
		FA39AA66263C64310086C2CD /* Assets.xcassets in Resources */ = {isa = PBXBuildFile; fileRef = FA39AA65263C64310086C2CD /* Assets.xcassets */; };
		FA39AA69263C64310086C2CD /* LaunchScreen.storyboard in Resources */ = {isa = PBXBuildFile; fileRef = FA39AA67263C64310086C2CD /* LaunchScreen.storyboard */; };
		FA407D9B26579DF900199BFE /* TitleHeaderCollectionReusableView.swift in Sources */ = {isa = PBXBuildFile; fileRef = FA407D9A26579DF900199BFE /* TitleHeaderCollectionReusableView.swift */; };
		FA407D9D265807FC00199BFE /* AlbumTrackCollectionViewCell.swift in Sources */ = {isa = PBXBuildFile; fileRef = FA407D9C265807FB00199BFE /* AlbumTrackCollectionViewCell.swift */; };
		FA407D9F265811D000199BFE /* AlbumCollectionViewCellViewModel.swift in Sources */ = {isa = PBXBuildFile; fileRef = FA407D9E265811CF00199BFE /* AlbumCollectionViewCellViewModel.swift */; };
		FA407DA1265971C900199BFE /* CategoryCollectionViewCell.swift in Sources */ = {isa = PBXBuildFile; fileRef = FA407DA0265971C900199BFE /* CategoryCollectionViewCell.swift */; };
		FA407DA3265AE2F700199BFE /* AllCategoriesResponse.swift in Sources */ = {isa = PBXBuildFile; fileRef = FA407DA2265AE2F700199BFE /* AllCategoriesResponse.swift */; };
		FA4CE28F266172D5000AAFC6 /* SearchResultDefaultTableViewCell.swift in Sources */ = {isa = PBXBuildFile; fileRef = FA4CE28E266172D5000AAFC6 /* SearchResultDefaultTableViewCell.swift */; };
		FA4CE29126617816000AAFC6 /* SearchResultDefaultTableViewCellViewModel.swift in Sources */ = {isa = PBXBuildFile; fileRef = FA4CE29026617816000AAFC6 /* SearchResultDefaultTableViewCellViewModel.swift */; };
		FA5233EA264AD78B00CD2B92 /* NewReleasesResponse.swift in Sources */ = {isa = PBXBuildFile; fileRef = FA5233E9264AD78B00CD2B92 /* NewReleasesResponse.swift */; };
		FA5233EC264AE50B00CD2B92 /* APIImage.swift in Sources */ = {isa = PBXBuildFile; fileRef = FA5233EB264AE50B00CD2B92 /* APIImage.swift */; };
		FA5233EE264AEDB700CD2B92 /* FeaturedPlaylistResponse.swift in Sources */ = {isa = PBXBuildFile; fileRef = FA5233ED264AEDB700CD2B92 /* FeaturedPlaylistResponse.swift */; };
		FA5233F0264B046600CD2B92 /* RecommendedGenresResponse.swift in Sources */ = {isa = PBXBuildFile; fileRef = FA5233EF264B046600CD2B92 /* RecommendedGenresResponse.swift */; };
		FA5233F2264BCAAA00CD2B92 /* RecommendationsResponse.swift in Sources */ = {isa = PBXBuildFile; fileRef = FA5233F1264BCAAA00CD2B92 /* RecommendationsResponse.swift */; };
		FA5233F5264D836600CD2B92 /* NewReleaseCollectionViewCell.swift in Sources */ = {isa = PBXBuildFile; fileRef = FA5233F4264D836600CD2B92 /* NewReleaseCollectionViewCell.swift */; };
		FA5233F7264D83B900CD2B92 /* FeaturedPlaylistCollectionViewCell.swift in Sources */ = {isa = PBXBuildFile; fileRef = FA5233F6264D83B900CD2B92 /* FeaturedPlaylistCollectionViewCell.swift */; };
		FA5233F9264D840500CD2B92 /* RecommendedTrackCollectionViewCell.swift in Sources */ = {isa = PBXBuildFile; fileRef = FA5233F8264D840500CD2B92 /* RecommendedTrackCollectionViewCell.swift */; };
		FA5233FB264D886300CD2B92 /* NewReleasesCellViewModel.swift in Sources */ = {isa = PBXBuildFile; fileRef = FA5233FA264D886300CD2B92 /* NewReleasesCellViewModel.swift */; };
		FA5233FD264ED29B00CD2B92 /* FeaturedPlaylistCellViewModel.swift in Sources */ = {isa = PBXBuildFile; fileRef = FA5233FC264ED29B00CD2B92 /* FeaturedPlaylistCellViewModel.swift */; };
		FA5233FF264ED33B00CD2B92 /* RecommendedTrackCellViewModel.swift in Sources */ = {isa = PBXBuildFile; fileRef = FA5233FE264ED33B00CD2B92 /* RecommendedTrackCellViewModel.swift */; };
		FA7B64BC2662A745008FA072 /* SearchResultSubtitleTableViewCell.swift in Sources */ = {isa = PBXBuildFile; fileRef = FA7B64BB2662A744008FA072 /* SearchResultSubtitleTableViewCell.swift */; };
		FA7B64BE2662BC35008FA072 /* SearchResultSubtitleTableViewCellViewModel.swift in Sources */ = {isa = PBXBuildFile; fileRef = FA7B64BD2662BC35008FA072 /* SearchResultSubtitleTableViewCellViewModel.swift */; };
		FA7B64C12663AFF5008FA072 /* PlaybackPresenter.swift in Sources */ = {isa = PBXBuildFile; fileRef = FA7B64C02663AFF5008FA072 /* PlaybackPresenter.swift */; };
		FA7B64C32663E4DB008FA072 /* PlayerControlsView.swift in Sources */ = {isa = PBXBuildFile; fileRef = FA7B64C22663E4DB008FA072 /* PlayerControlsView.swift */; };
		FA82E5662656C103008AE398 /* PlaylistHeaderCollectionReusableView.swift in Sources */ = {isa = PBXBuildFile; fileRef = FA82E5652656C103008AE398 /* PlaylistHeaderCollectionReusableView.swift */; };
		FA82E5682656C8A0008AE398 /* PlaylistHeaderViewModel.swift in Sources */ = {isa = PBXBuildFile; fileRef = FA82E5672656C8A0008AE398 /* PlaylistHeaderViewModel.swift */; };
		FA8F6BBD2649A828004D87F5 /* SettingsModel.swift in Sources */ = {isa = PBXBuildFile; fileRef = FA8F6BBC2649A828004D87F5 /* SettingsModel.swift */; };
		FAA5AFF4265C1BFC0065199E /* CategoryCollectionViewCellViewModel.swift in Sources */ = {isa = PBXBuildFile; fileRef = FAA5AFF3265C1BFC0065199E /* CategoryCollectionViewCellViewModel.swift */; };
		FAA5AFF6265C251F0065199E /* CategoryViewController.swift in Sources */ = {isa = PBXBuildFile; fileRef = FAA5AFF5265C251F0065199E /* CategoryViewController.swift */; };
		FAA5AFF8265E445F0065199E /* SearchResultsResponse.swift in Sources */ = {isa = PBXBuildFile; fileRef = FAA5AFF7265E445E0065199E /* SearchResultsResponse.swift */; };
		FAA5AFFA265E75CD0065199E /* SearchResult.swift in Sources */ = {isa = PBXBuildFile; fileRef = FAA5AFF9265E75CC0065199E /* SearchResult.swift */; };
		FAE930BB2646C41300BD3DA4 /* Constants.swift in Sources */ = {isa = PBXBuildFile; fileRef = FAE930BA2646C41300BD3DA4 /* Constants.swift */; };
		FAE930C32646C71400BD3DA4 /* AuthResponse.swift in Sources */ = {isa = PBXBuildFile; fileRef = FAE930C22646C71400BD3DA4 /* AuthResponse.swift */; };
		FAF77EB7263C69CD0091C9CB /* TabBarViewController.swift in Sources */ = {isa = PBXBuildFile; fileRef = FAF77EB6263C69CD0091C9CB /* TabBarViewController.swift */; };
		FAF77EBB263C6A310091C9CB /* SearchViewController.swift in Sources */ = {isa = PBXBuildFile; fileRef = FAF77EBA263C6A310091C9CB /* SearchViewController.swift */; };
		FAF77EBE263C6A5A0091C9CB /* LibraryViewController.swift in Sources */ = {isa = PBXBuildFile; fileRef = FAF77EBD263C6A5A0091C9CB /* LibraryViewController.swift */; };
		FAF77EC3263C6ABB0091C9CB /* AuthViewController.swift in Sources */ = {isa = PBXBuildFile; fileRef = FAF77EC2263C6ABB0091C9CB /* AuthViewController.swift */; };
		FAF77EC7263C6ACF0091C9CB /* WelcomeViewController.swift in Sources */ = {isa = PBXBuildFile; fileRef = FAF77EC6263C6ACF0091C9CB /* WelcomeViewController.swift */; };
		FAF77ECA263C6AEE0091C9CB /* SettingsViewController.swift in Sources */ = {isa = PBXBuildFile; fileRef = FAF77EC9263C6AEE0091C9CB /* SettingsViewController.swift */; };
		FAF77ECD263C6B0A0091C9CB /* ProfileViewController.swift in Sources */ = {isa = PBXBuildFile; fileRef = FAF77ECC263C6B0A0091C9CB /* ProfileViewController.swift */; };
		FAF77ED0263C6B2D0091C9CB /* PlayerViewController.swift in Sources */ = {isa = PBXBuildFile; fileRef = FAF77ECF263C6B2D0091C9CB /* PlayerViewController.swift */; };
		FAF77ED3263C6B520091C9CB /* PlaylistViewController.swift in Sources */ = {isa = PBXBuildFile; fileRef = FAF77ED2263C6B520091C9CB /* PlaylistViewController.swift */; };
		FAF77ED6263C6B7F0091C9CB /* SearchResultsViewController.swift in Sources */ = {isa = PBXBuildFile; fileRef = FAF77ED5263C6B7F0091C9CB /* SearchResultsViewController.swift */; };
		FAF77ED9263C6BC70091C9CB /* AuthManager.swift in Sources */ = {isa = PBXBuildFile; fileRef = FAF77ED8263C6BC70091C9CB /* AuthManager.swift */; };
		FAF77EDC263C6BEA0091C9CB /* APICaller.swift in Sources */ = {isa = PBXBuildFile; fileRef = FAF77EDB263C6BEA0091C9CB /* APICaller.swift */; };
		FAF77EDF263C6C030091C9CB /* HapticsManager.swift in Sources */ = {isa = PBXBuildFile; fileRef = FAF77EDE263C6C030091C9CB /* HapticsManager.swift */; };
		FAF77EE2263C6C450091C9CB /* Playlist.swift in Sources */ = {isa = PBXBuildFile; fileRef = FAF77EE1263C6C440091C9CB /* Playlist.swift */; };
		FAF77EE5263C6C630091C9CB /* AudioTrack.swift in Sources */ = {isa = PBXBuildFile; fileRef = FAF77EE4263C6C630091C9CB /* AudioTrack.swift */; };
		FAF77EE8263C6C7D0091C9CB /* Artist.swift in Sources */ = {isa = PBXBuildFile; fileRef = FAF77EE7263C6C7D0091C9CB /* Artist.swift */; };
		FAF77EEB263C6C910091C9CB /* UserProfile.swift in Sources */ = {isa = PBXBuildFile; fileRef = FAF77EEA263C6C910091C9CB /* UserProfile.swift */; };
		FAF77EEE263C89DD0091C9CB /* Extensions.swift in Sources */ = {isa = PBXBuildFile; fileRef = FAF77EED263C89DD0091C9CB /* Extensions.swift */; };
/* End PBXBuildFile section */

/* Begin PBXFileReference section */
		581EBB9BD267DDC8124BAAA0 /* Pods_Spotify.framework */ = {isa = PBXFileReference; explicitFileType = wrapper.framework; includeInIndex = 0; path = Pods_Spotify.framework; sourceTree = BUILT_PRODUCTS_DIR; };
		8993ED8FB5AA40259ECCD268 /* Pods-Spotify.debug.xcconfig */ = {isa = PBXFileReference; includeInIndex = 1; lastKnownFileType = text.xcconfig; name = "Pods-Spotify.debug.xcconfig"; path = "Target Support Files/Pods-Spotify/Pods-Spotify.debug.xcconfig"; sourceTree = "<group>"; };
		DA8859438CF500AC4C64D0FA /* Pods-Spotify.release.xcconfig */ = {isa = PBXFileReference; includeInIndex = 1; lastKnownFileType = text.xcconfig; name = "Pods-Spotify.release.xcconfig"; path = "Target Support Files/Pods-Spotify/Pods-Spotify.release.xcconfig"; sourceTree = "<group>"; };
		FA2B86942651980C00993280 /* AlbumViewController.swift */ = {isa = PBXFileReference; lastKnownFileType = sourcecode.swift; path = AlbumViewController.swift; sourceTree = "<group>"; };
		FA2B8696265248C200993280 /* AlbumDetailsResponse.swift */ = {isa = PBXFileReference; lastKnownFileType = sourcecode.swift; path = AlbumDetailsResponse.swift; sourceTree = "<group>"; };
		FA2B869826525D2100993280 /* PlaylistDetailsResponse.swift */ = {isa = PBXFileReference; lastKnownFileType = sourcecode.swift; path = PlaylistDetailsResponse.swift; sourceTree = "<group>"; };
		FA39AA59263C642A0086C2CD /* Spotify.app */ = {isa = PBXFileReference; explicitFileType = wrapper.application; includeInIndex = 0; path = Spotify.app; sourceTree = BUILT_PRODUCTS_DIR; };
		FA39AA5C263C642A0086C2CD /* AppDelegate.swift */ = {isa = PBXFileReference; lastKnownFileType = sourcecode.swift; path = AppDelegate.swift; sourceTree = "<group>"; };
		FA39AA5E263C642A0086C2CD /* SceneDelegate.swift */ = {isa = PBXFileReference; lastKnownFileType = sourcecode.swift; path = SceneDelegate.swift; sourceTree = "<group>"; };
		FA39AA60263C642A0086C2CD /* HomeViewController.swift */ = {isa = PBXFileReference; lastKnownFileType = sourcecode.swift; path = HomeViewController.swift; sourceTree = "<group>"; };
		FA39AA65263C64310086C2CD /* Assets.xcassets */ = {isa = PBXFileReference; lastKnownFileType = folder.assetcatalog; path = Assets.xcassets; sourceTree = "<group>"; };
		FA39AA68263C64310086C2CD /* Base */ = {isa = PBXFileReference; lastKnownFileType = file.storyboard; name = Base; path = Base.lproj/LaunchScreen.storyboard; sourceTree = "<group>"; };
		FA39AA6A263C64310086C2CD /* Info.plist */ = {isa = PBXFileReference; lastKnownFileType = text.plist.xml; path = Info.plist; sourceTree = "<group>"; };
		FA407D9A26579DF900199BFE /* TitleHeaderCollectionReusableView.swift */ = {isa = PBXFileReference; lastKnownFileType = sourcecode.swift; path = TitleHeaderCollectionReusableView.swift; sourceTree = "<group>"; };
		FA407D9C265807FB00199BFE /* AlbumTrackCollectionViewCell.swift */ = {isa = PBXFileReference; lastKnownFileType = sourcecode.swift; path = AlbumTrackCollectionViewCell.swift; sourceTree = "<group>"; };
		FA407D9E265811CF00199BFE /* AlbumCollectionViewCellViewModel.swift */ = {isa = PBXFileReference; lastKnownFileType = sourcecode.swift; path = AlbumCollectionViewCellViewModel.swift; sourceTree = "<group>"; };
		FA407DA0265971C900199BFE /* CategoryCollectionViewCell.swift */ = {isa = PBXFileReference; lastKnownFileType = sourcecode.swift; path = CategoryCollectionViewCell.swift; sourceTree = "<group>"; };
		FA407DA2265AE2F700199BFE /* AllCategoriesResponse.swift */ = {isa = PBXFileReference; lastKnownFileType = sourcecode.swift; path = AllCategoriesResponse.swift; sourceTree = "<group>"; };
		FA4CE28E266172D5000AAFC6 /* SearchResultDefaultTableViewCell.swift */ = {isa = PBXFileReference; lastKnownFileType = sourcecode.swift; path = SearchResultDefaultTableViewCell.swift; sourceTree = "<group>"; };
		FA4CE29026617816000AAFC6 /* SearchResultDefaultTableViewCellViewModel.swift */ = {isa = PBXFileReference; lastKnownFileType = sourcecode.swift; path = SearchResultDefaultTableViewCellViewModel.swift; sourceTree = "<group>"; };
		FA5233E9264AD78B00CD2B92 /* NewReleasesResponse.swift */ = {isa = PBXFileReference; lastKnownFileType = sourcecode.swift; path = NewReleasesResponse.swift; sourceTree = "<group>"; };
		FA5233EB264AE50B00CD2B92 /* APIImage.swift */ = {isa = PBXFileReference; lastKnownFileType = sourcecode.swift; path = APIImage.swift; sourceTree = "<group>"; };
		FA5233ED264AEDB700CD2B92 /* FeaturedPlaylistResponse.swift */ = {isa = PBXFileReference; lastKnownFileType = sourcecode.swift; path = FeaturedPlaylistResponse.swift; sourceTree = "<group>"; };
		FA5233EF264B046600CD2B92 /* RecommendedGenresResponse.swift */ = {isa = PBXFileReference; lastKnownFileType = sourcecode.swift; path = RecommendedGenresResponse.swift; sourceTree = "<group>"; };
		FA5233F1264BCAAA00CD2B92 /* RecommendationsResponse.swift */ = {isa = PBXFileReference; lastKnownFileType = sourcecode.swift; path = RecommendationsResponse.swift; sourceTree = "<group>"; };
		FA5233F4264D836600CD2B92 /* NewReleaseCollectionViewCell.swift */ = {isa = PBXFileReference; lastKnownFileType = sourcecode.swift; path = NewReleaseCollectionViewCell.swift; sourceTree = "<group>"; };
		FA5233F6264D83B900CD2B92 /* FeaturedPlaylistCollectionViewCell.swift */ = {isa = PBXFileReference; lastKnownFileType = sourcecode.swift; path = FeaturedPlaylistCollectionViewCell.swift; sourceTree = "<group>"; };
		FA5233F8264D840500CD2B92 /* RecommendedTrackCollectionViewCell.swift */ = {isa = PBXFileReference; lastKnownFileType = sourcecode.swift; path = RecommendedTrackCollectionViewCell.swift; sourceTree = "<group>"; };
		FA5233FA264D886300CD2B92 /* NewReleasesCellViewModel.swift */ = {isa = PBXFileReference; lastKnownFileType = sourcecode.swift; path = NewReleasesCellViewModel.swift; sourceTree = "<group>"; };
		FA5233FC264ED29B00CD2B92 /* FeaturedPlaylistCellViewModel.swift */ = {isa = PBXFileReference; lastKnownFileType = sourcecode.swift; path = FeaturedPlaylistCellViewModel.swift; sourceTree = "<group>"; };
		FA5233FE264ED33B00CD2B92 /* RecommendedTrackCellViewModel.swift */ = {isa = PBXFileReference; lastKnownFileType = sourcecode.swift; path = RecommendedTrackCellViewModel.swift; sourceTree = "<group>"; };
		FA7B64BB2662A744008FA072 /* SearchResultSubtitleTableViewCell.swift */ = {isa = PBXFileReference; lastKnownFileType = sourcecode.swift; path = SearchResultSubtitleTableViewCell.swift; sourceTree = "<group>"; };
		FA7B64BD2662BC35008FA072 /* SearchResultSubtitleTableViewCellViewModel.swift */ = {isa = PBXFileReference; lastKnownFileType = sourcecode.swift; path = SearchResultSubtitleTableViewCellViewModel.swift; sourceTree = "<group>"; };
		FA7B64C02663AFF5008FA072 /* PlaybackPresenter.swift */ = {isa = PBXFileReference; lastKnownFileType = sourcecode.swift; path = PlaybackPresenter.swift; sourceTree = "<group>"; };
		FA7B64C22663E4DB008FA072 /* PlayerControlsView.swift */ = {isa = PBXFileReference; lastKnownFileType = sourcecode.swift; path = PlayerControlsView.swift; sourceTree = "<group>"; };
		FA82E5652656C103008AE398 /* PlaylistHeaderCollectionReusableView.swift */ = {isa = PBXFileReference; lastKnownFileType = sourcecode.swift; path = PlaylistHeaderCollectionReusableView.swift; sourceTree = "<group>"; };
		FA82E5672656C8A0008AE398 /* PlaylistHeaderViewModel.swift */ = {isa = PBXFileReference; lastKnownFileType = sourcecode.swift; path = PlaylistHeaderViewModel.swift; sourceTree = "<group>"; };
		FA8F6BBC2649A828004D87F5 /* SettingsModel.swift */ = {isa = PBXFileReference; lastKnownFileType = sourcecode.swift; path = SettingsModel.swift; sourceTree = "<group>"; };
		FAA5AFF3265C1BFC0065199E /* CategoryCollectionViewCellViewModel.swift */ = {isa = PBXFileReference; lastKnownFileType = sourcecode.swift; path = CategoryCollectionViewCellViewModel.swift; sourceTree = "<group>"; };
		FAA5AFF5265C251F0065199E /* CategoryViewController.swift */ = {isa = PBXFileReference; lastKnownFileType = sourcecode.swift; path = CategoryViewController.swift; sourceTree = "<group>"; };
		FAA5AFF7265E445E0065199E /* SearchResultsResponse.swift */ = {isa = PBXFileReference; lastKnownFileType = sourcecode.swift; path = SearchResultsResponse.swift; sourceTree = "<group>"; };
		FAA5AFF9265E75CC0065199E /* SearchResult.swift */ = {isa = PBXFileReference; lastKnownFileType = sourcecode.swift; path = SearchResult.swift; sourceTree = "<group>"; };
		FAE930BA2646C41300BD3DA4 /* Constants.swift */ = {isa = PBXFileReference; lastKnownFileType = sourcecode.swift; path = Constants.swift; sourceTree = "<group>"; };
		FAE930C22646C71400BD3DA4 /* AuthResponse.swift */ = {isa = PBXFileReference; lastKnownFileType = sourcecode.swift; path = AuthResponse.swift; sourceTree = "<group>"; };
		FAF77EB6263C69CD0091C9CB /* TabBarViewController.swift */ = {isa = PBXFileReference; lastKnownFileType = sourcecode.swift; name = TabBarViewController.swift; path = Spotify/Controllers/CoreTabs/TabBarViewController.swift; sourceTree = SOURCE_ROOT; };
		FAF77EBA263C6A310091C9CB /* SearchViewController.swift */ = {isa = PBXFileReference; lastKnownFileType = sourcecode.swift; path = SearchViewController.swift; sourceTree = "<group>"; };
		FAF77EBD263C6A5A0091C9CB /* LibraryViewController.swift */ = {isa = PBXFileReference; lastKnownFileType = sourcecode.swift; path = LibraryViewController.swift; sourceTree = "<group>"; };
		FAF77EC2263C6ABB0091C9CB /* AuthViewController.swift */ = {isa = PBXFileReference; lastKnownFileType = sourcecode.swift; path = AuthViewController.swift; sourceTree = "<group>"; };
		FAF77EC6263C6ACF0091C9CB /* WelcomeViewController.swift */ = {isa = PBXFileReference; lastKnownFileType = sourcecode.swift; path = WelcomeViewController.swift; sourceTree = "<group>"; };
		FAF77EC9263C6AEE0091C9CB /* SettingsViewController.swift */ = {isa = PBXFileReference; lastKnownFileType = sourcecode.swift; path = SettingsViewController.swift; sourceTree = "<group>"; };
		FAF77ECC263C6B0A0091C9CB /* ProfileViewController.swift */ = {isa = PBXFileReference; lastKnownFileType = sourcecode.swift; path = ProfileViewController.swift; sourceTree = "<group>"; };
		FAF77ECF263C6B2D0091C9CB /* PlayerViewController.swift */ = {isa = PBXFileReference; lastKnownFileType = sourcecode.swift; path = PlayerViewController.swift; sourceTree = "<group>"; };
		FAF77ED2263C6B520091C9CB /* PlaylistViewController.swift */ = {isa = PBXFileReference; lastKnownFileType = sourcecode.swift; path = PlaylistViewController.swift; sourceTree = "<group>"; };
		FAF77ED5263C6B7F0091C9CB /* SearchResultsViewController.swift */ = {isa = PBXFileReference; lastKnownFileType = sourcecode.swift; path = SearchResultsViewController.swift; sourceTree = "<group>"; };
		FAF77ED8263C6BC70091C9CB /* AuthManager.swift */ = {isa = PBXFileReference; lastKnownFileType = sourcecode.swift; path = AuthManager.swift; sourceTree = "<group>"; };
		FAF77EDB263C6BEA0091C9CB /* APICaller.swift */ = {isa = PBXFileReference; lastKnownFileType = sourcecode.swift; path = APICaller.swift; sourceTree = "<group>"; };
		FAF77EDE263C6C030091C9CB /* HapticsManager.swift */ = {isa = PBXFileReference; lastKnownFileType = sourcecode.swift; path = HapticsManager.swift; sourceTree = "<group>"; };
		FAF77EE1263C6C440091C9CB /* Playlist.swift */ = {isa = PBXFileReference; lastKnownFileType = sourcecode.swift; path = Playlist.swift; sourceTree = "<group>"; };
		FAF77EE4263C6C630091C9CB /* AudioTrack.swift */ = {isa = PBXFileReference; lastKnownFileType = sourcecode.swift; path = AudioTrack.swift; sourceTree = "<group>"; };
		FAF77EE7263C6C7D0091C9CB /* Artist.swift */ = {isa = PBXFileReference; lastKnownFileType = sourcecode.swift; path = Artist.swift; sourceTree = "<group>"; };
		FAF77EEA263C6C910091C9CB /* UserProfile.swift */ = {isa = PBXFileReference; lastKnownFileType = sourcecode.swift; path = UserProfile.swift; sourceTree = "<group>"; };
		FAF77EED263C89DD0091C9CB /* Extensions.swift */ = {isa = PBXFileReference; lastKnownFileType = sourcecode.swift; path = Extensions.swift; sourceTree = "<group>"; };
/* End PBXFileReference section */

/* Begin PBXFrameworksBuildPhase section */
		FA39AA56263C64290086C2CD /* Frameworks */ = {
			isa = PBXFrameworksBuildPhase;
			buildActionMask = 2147483647;
			files = (
				DC40D5B2A6CB54730D8DDF85 /* Pods_Spotify.framework in Frameworks */,
			);
			runOnlyForDeploymentPostprocessing = 0;
		};
/* End PBXFrameworksBuildPhase section */

/* Begin PBXGroup section */
		304F68C90189AAD94CC65FB1 /* Pods */ = {
			isa = PBXGroup;
			children = (
				8993ED8FB5AA40259ECCD268 /* Pods-Spotify.debug.xcconfig */,
				DA8859438CF500AC4C64D0FA /* Pods-Spotify.release.xcconfig */,
			);
			path = Pods;
			sourceTree = "<group>";
		};
		49F4573BBDD83EF23951276F /* Frameworks */ = {
			isa = PBXGroup;
			children = (
				581EBB9BD267DDC8124BAAA0 /* Pods_Spotify.framework */,
			);
			name = Frameworks;
			sourceTree = "<group>";
		};
		FA39AA50263C64290086C2CD = {
			isa = PBXGroup;
			children = (
				FA39AA5B263C642A0086C2CD /* Spotify */,
				FA39AA5A263C642A0086C2CD /* Products */,
				304F68C90189AAD94CC65FB1 /* Pods */,
				49F4573BBDD83EF23951276F /* Frameworks */,
			);
			sourceTree = "<group>";
		};
		FA39AA5A263C642A0086C2CD /* Products */ = {
			isa = PBXGroup;
			children = (
				FA39AA59263C642A0086C2CD /* Spotify.app */,
			);
			name = Products;
			sourceTree = "<group>";
		};
		FA39AA5B263C642A0086C2CD /* Spotify */ = {
			isa = PBXGroup;
			children = (
				FA7B64BF2663AFCD008FA072 /* Presenter */,
				FA39AA76263C64DA0086C2CD /* Resources */,
				FA39AA75263C64C30086C2CD /* Managers */,
				FA39AA74263C64BA0086C2CD /* ViewModels */,
				FA39AA73263C64B30086C2CD /* Models */,
				FA39AA72263C64900086C2CD /* Views */,
				FA39AA71263C64870086C2CD /* Controllers */,
				FA39AA6A263C64310086C2CD /* Info.plist */,
			);
			path = Spotify;
			sourceTree = "<group>";
		};
		FA39AA71263C64870086C2CD /* Controllers */ = {
			isa = PBXGroup;
			children = (
				FAF77EC1263C6A960091C9CB /* Other */,
				FAF77EC0263C6A680091C9CB /* CoreTabs */,
			);
			path = Controllers;
			sourceTree = "<group>";
		};
		FA39AA72263C64900086C2CD /* Views */ = {
			isa = PBXGroup;
			children = (
				FA4CE28D26617252000AAFC6 /* SearchResultCells */,
				FA5233F3264D831E00CD2B92 /* Browse */,
				FA39AA67263C64310086C2CD /* LaunchScreen.storyboard */,
				FA82E5652656C103008AE398 /* PlaylistHeaderCollectionReusableView.swift */,
				FA407D9A26579DF900199BFE /* TitleHeaderCollectionReusableView.swift */,
				FA407D9C265807FB00199BFE /* AlbumTrackCollectionViewCell.swift */,
				FA407DA0265971C900199BFE /* CategoryCollectionViewCell.swift */,
				FA7B64C22663E4DB008FA072 /* PlayerControlsView.swift */,
			);
			path = Views;
			sourceTree = "<group>";
		};
		FA39AA73263C64B30086C2CD /* Models */ = {
			isa = PBXGroup;
			children = (
				FAF77EE1263C6C440091C9CB /* Playlist.swift */,
				FAF77EE4263C6C630091C9CB /* AudioTrack.swift */,
				FAF77EE7263C6C7D0091C9CB /* Artist.swift */,
				FAE930C22646C71400BD3DA4 /* AuthResponse.swift */,
				FAF77EEA263C6C910091C9CB /* UserProfile.swift */,
				FA8F6BBC2649A828004D87F5 /* SettingsModel.swift */,
				FA5233E9264AD78B00CD2B92 /* NewReleasesResponse.swift */,
				FA5233EB264AE50B00CD2B92 /* APIImage.swift */,
				FA5233ED264AEDB700CD2B92 /* FeaturedPlaylistResponse.swift */,
				FA5233EF264B046600CD2B92 /* RecommendedGenresResponse.swift */,
				FA5233F1264BCAAA00CD2B92 /* RecommendationsResponse.swift */,
				FA2B8696265248C200993280 /* AlbumDetailsResponse.swift */,
				FA2B869826525D2100993280 /* PlaylistDetailsResponse.swift */,
				FA407DA2265AE2F700199BFE /* AllCategoriesResponse.swift */,
				FAA5AFF7265E445E0065199E /* SearchResultsResponse.swift */,
				FAA5AFF9265E75CC0065199E /* SearchResult.swift */,
			);
			path = Models;
			sourceTree = "<group>";
		};
		FA39AA74263C64BA0086C2CD /* ViewModels */ = {
			isa = PBXGroup;
			children = (
				FA5233FA264D886300CD2B92 /* NewReleasesCellViewModel.swift */,
				FA5233FC264ED29B00CD2B92 /* FeaturedPlaylistCellViewModel.swift */,
				FA5233FE264ED33B00CD2B92 /* RecommendedTrackCellViewModel.swift */,
				FA82E5672656C8A0008AE398 /* PlaylistHeaderViewModel.swift */,
				FA407D9E265811CF00199BFE /* AlbumCollectionViewCellViewModel.swift */,
				FAA5AFF3265C1BFC0065199E /* CategoryCollectionViewCellViewModel.swift */,
				FA4CE29026617816000AAFC6 /* SearchResultDefaultTableViewCellViewModel.swift */,
				FA7B64BD2662BC35008FA072 /* SearchResultSubtitleTableViewCellViewModel.swift */,
			);
			path = ViewModels;
			sourceTree = "<group>";
		};
		FA39AA75263C64C30086C2CD /* Managers */ = {
			isa = PBXGroup;
			children = (
				FAF77ED8263C6BC70091C9CB /* AuthManager.swift */,
				FAF77EDB263C6BEA0091C9CB /* APICaller.swift */,
				FAF77EDE263C6C030091C9CB /* HapticsManager.swift */,
			);
			path = Managers;
			sourceTree = "<group>";
		};
		FA39AA76263C64DA0086C2CD /* Resources */ = {
			isa = PBXGroup;
			children = (
				FAE930BA2646C41300BD3DA4 /* Constants.swift */,
				FA39AA5C263C642A0086C2CD /* AppDelegate.swift */,
				FA39AA5E263C642A0086C2CD /* SceneDelegate.swift */,
				FA39AA65263C64310086C2CD /* Assets.xcassets */,
				FAF77EED263C89DD0091C9CB /* Extensions.swift */,
			);
			path = Resources;
			sourceTree = "<group>";
		};
		FA4CE28D26617252000AAFC6 /* SearchResultCells */ = {
			isa = PBXGroup;
			children = (
				FA4CE28E266172D5000AAFC6 /* SearchResultDefaultTableViewCell.swift */,
				FA7B64BB2662A744008FA072 /* SearchResultSubtitleTableViewCell.swift */,
			);
			path = SearchResultCells;
			sourceTree = "<group>";
		};
		FA5233F3264D831E00CD2B92 /* Browse */ = {
			isa = PBXGroup;
			children = (
				FA5233F4264D836600CD2B92 /* NewReleaseCollectionViewCell.swift */,
				FA5233F6264D83B900CD2B92 /* FeaturedPlaylistCollectionViewCell.swift */,
				FA5233F8264D840500CD2B92 /* RecommendedTrackCollectionViewCell.swift */,
			);
			path = Browse;
			sourceTree = "<group>";
		};
		FA7B64BF2663AFCD008FA072 /* Presenter */ = {
			isa = PBXGroup;
			children = (
				FA7B64C02663AFF5008FA072 /* PlaybackPresenter.swift */,
			);
			path = Presenter;
			sourceTree = "<group>";
		};
		FAF77EC0263C6A680091C9CB /* CoreTabs */ = {
			isa = PBXGroup;
			children = (
				FAF77EB6263C69CD0091C9CB /* TabBarViewController.swift */,
				FA39AA60263C642A0086C2CD /* HomeViewController.swift */,
				FAF77EBA263C6A310091C9CB /* SearchViewController.swift */,
				FAF77EBD263C6A5A0091C9CB /* LibraryViewController.swift */,
			);
			path = CoreTabs;
			sourceTree = "<group>";
		};
		FAF77EC1263C6A960091C9CB /* Other */ = {
			isa = PBXGroup;
			children = (
				FAF77EC2263C6ABB0091C9CB /* AuthViewController.swift */,
				FAF77EC6263C6ACF0091C9CB /* WelcomeViewController.swift */,
				FAF77EC9263C6AEE0091C9CB /* SettingsViewController.swift */,
				FAF77ECC263C6B0A0091C9CB /* ProfileViewController.swift */,
				FAF77ECF263C6B2D0091C9CB /* PlayerViewController.swift */,
				FAF77ED2263C6B520091C9CB /* PlaylistViewController.swift */,
				FAF77ED5263C6B7F0091C9CB /* SearchResultsViewController.swift */,
				FA2B86942651980C00993280 /* AlbumViewController.swift */,
				FAA5AFF5265C251F0065199E /* CategoryViewController.swift */,
			);
			path = Other;
			sourceTree = "<group>";
		};
/* End PBXGroup section */

/* Begin PBXNativeTarget section */
		FA39AA58263C64290086C2CD /* Spotify */ = {
			isa = PBXNativeTarget;
			buildConfigurationList = FA39AA6D263C64310086C2CD /* Build configuration list for PBXNativeTarget "Spotify" */;
			buildPhases = (
				7977CD8D75B221872CD14E42 /* [CP] Check Pods Manifest.lock */,
				FA39AA55263C64290086C2CD /* Sources */,
				FA39AA56263C64290086C2CD /* Frameworks */,
				FA39AA57263C64290086C2CD /* Resources */,
				E2EE2EFC3A7CCCA6BA75680C /* [CP] Embed Pods Frameworks */,
			);
			buildRules = (
			);
			dependencies = (
			);
			name = Spotify;
			productName = Spotify;
			productReference = FA39AA59263C642A0086C2CD /* Spotify.app */;
			productType = "com.apple.product-type.application";
		};
/* End PBXNativeTarget section */

/* Begin PBXProject section */
		FA39AA51263C64290086C2CD /* Project object */ = {
			isa = PBXProject;
			attributes = {
				LastSwiftUpdateCheck = 1240;
				LastUpgradeCheck = 1240;
				TargetAttributes = {
					FA39AA58263C64290086C2CD = {
						CreatedOnToolsVersion = 12.4;
					};
				};
			};
			buildConfigurationList = FA39AA54263C64290086C2CD /* Build configuration list for PBXProject "Spotify" */;
			compatibilityVersion = "Xcode 9.3";
			developmentRegion = en;
			hasScannedForEncodings = 0;
			knownRegions = (
				en,
				Base,
			);
			mainGroup = FA39AA50263C64290086C2CD;
			productRefGroup = FA39AA5A263C642A0086C2CD /* Products */;
			projectDirPath = "";
			projectRoot = "";
			targets = (
				FA39AA58263C64290086C2CD /* Spotify */,
			);
		};
/* End PBXProject section */

/* Begin PBXResourcesBuildPhase section */
		FA39AA57263C64290086C2CD /* Resources */ = {
			isa = PBXResourcesBuildPhase;
			buildActionMask = 2147483647;
			files = (
				FA39AA69263C64310086C2CD /* LaunchScreen.storyboard in Resources */,
				FA39AA66263C64310086C2CD /* Assets.xcassets in Resources */,
			);
			runOnlyForDeploymentPostprocessing = 0;
		};
/* End PBXResourcesBuildPhase section */

/* Begin PBXShellScriptBuildPhase section */
		7977CD8D75B221872CD14E42 /* [CP] Check Pods Manifest.lock */ = {
			isa = PBXShellScriptBuildPhase;
			buildActionMask = 2147483647;
			files = (
			);
			inputFileListPaths = (
			);
			inputPaths = (
				"${PODS_PODFILE_DIR_PATH}/Podfile.lock",
				"${PODS_ROOT}/Manifest.lock",
			);
			name = "[CP] Check Pods Manifest.lock";
			outputFileListPaths = (
			);
			outputPaths = (
				"$(DERIVED_FILE_DIR)/Pods-Spotify-checkManifestLockResult.txt",
			);
			runOnlyForDeploymentPostprocessing = 0;
			shellPath = /bin/sh;
			shellScript = "diff \"${PODS_PODFILE_DIR_PATH}/Podfile.lock\" \"${PODS_ROOT}/Manifest.lock\" > /dev/null\nif [ $? != 0 ] ; then\n    # print error to STDERR\n    echo \"error: The sandbox is not in sync with the Podfile.lock. Run 'pod install' or update your CocoaPods installation.\" >&2\n    exit 1\nfi\n# This output is used by Xcode 'outputs' to avoid re-running this script phase.\necho \"SUCCESS\" > \"${SCRIPT_OUTPUT_FILE_0}\"\n";
			showEnvVarsInLog = 0;
		};
		E2EE2EFC3A7CCCA6BA75680C /* [CP] Embed Pods Frameworks */ = {
			isa = PBXShellScriptBuildPhase;
			buildActionMask = 2147483647;
			files = (
			);
			inputFileListPaths = (
				"${PODS_ROOT}/Target Support Files/Pods-Spotify/Pods-Spotify-frameworks-${CONFIGURATION}-input-files.xcfilelist",
			);
			name = "[CP] Embed Pods Frameworks";
			outputFileListPaths = (
				"${PODS_ROOT}/Target Support Files/Pods-Spotify/Pods-Spotify-frameworks-${CONFIGURATION}-output-files.xcfilelist",
			);
			runOnlyForDeploymentPostprocessing = 0;
			shellPath = /bin/sh;
			shellScript = "\"${PODS_ROOT}/Target Support Files/Pods-Spotify/Pods-Spotify-frameworks.sh\"\n";
			showEnvVarsInLog = 0;
		};
/* End PBXShellScriptBuildPhase section */

/* Begin PBXSourcesBuildPhase section */
		FA39AA55263C64290086C2CD /* Sources */ = {
			isa = PBXSourcesBuildPhase;
			buildActionMask = 2147483647;
			files = (
				FA4CE28F266172D5000AAFC6 /* SearchResultDefaultTableViewCell.swift in Sources */,
				FA5233FB264D886300CD2B92 /* NewReleasesCellViewModel.swift in Sources */,
				FAA5AFF4265C1BFC0065199E /* CategoryCollectionViewCellViewModel.swift in Sources */,
				FA8F6BBD2649A828004D87F5 /* SettingsModel.swift in Sources */,
				FA5233F5264D836600CD2B92 /* NewReleaseCollectionViewCell.swift in Sources */,
				FA5233F9264D840500CD2B92 /* RecommendedTrackCollectionViewCell.swift in Sources */,
				FA5233FF264ED33B00CD2B92 /* RecommendedTrackCellViewModel.swift in Sources */,
				FA5233FD264ED29B00CD2B92 /* FeaturedPlaylistCellViewModel.swift in Sources */,
				FAE930BB2646C41300BD3DA4 /* Constants.swift in Sources */,
				FAF77EBB263C6A310091C9CB /* SearchViewController.swift in Sources */,
				FAF77EE2263C6C450091C9CB /* Playlist.swift in Sources */,
				FA5233F0264B046600CD2B92 /* RecommendedGenresResponse.swift in Sources */,
				FAE930C32646C71400BD3DA4 /* AuthResponse.swift in Sources */,
				FAF77ED9263C6BC70091C9CB /* AuthManager.swift in Sources */,
				FA2B86952651980C00993280 /* AlbumViewController.swift in Sources */,
				FA407D9F265811D000199BFE /* AlbumCollectionViewCellViewModel.swift in Sources */,
				FA7B64C32663E4DB008FA072 /* PlayerControlsView.swift in Sources */,
				FA5233EC264AE50B00CD2B92 /* APIImage.swift in Sources */,
				FAF77ED6263C6B7F0091C9CB /* SearchResultsViewController.swift in Sources */,
				FA2B869926525D2100993280 /* PlaylistDetailsResponse.swift in Sources */,
				FA5233EA264AD78B00CD2B92 /* NewReleasesResponse.swift in Sources */,
				FAF77EC7263C6ACF0091C9CB /* WelcomeViewController.swift in Sources */,
				FA407D9B26579DF900199BFE /* TitleHeaderCollectionReusableView.swift in Sources */,
				FA4CE29126617816000AAFC6 /* SearchResultDefaultTableViewCellViewModel.swift in Sources */,
				FAF77ECD263C6B0A0091C9CB /* ProfileViewController.swift in Sources */,
				FAF77EB7263C69CD0091C9CB /* TabBarViewController.swift in Sources */,
				FAF77EDF263C6C030091C9CB /* HapticsManager.swift in Sources */,
				FAF77EE5263C6C630091C9CB /* AudioTrack.swift in Sources */,
				FA407DA1265971C900199BFE /* CategoryCollectionViewCell.swift in Sources */,
				FA39AA61263C642A0086C2CD /* HomeViewController.swift in Sources */,
				FA82E5662656C103008AE398 /* PlaylistHeaderCollectionReusableView.swift in Sources */,
				FA2B8697265248C200993280 /* AlbumDetailsResponse.swift in Sources */,
				FAF77EC3263C6ABB0091C9CB /* AuthViewController.swift in Sources */,
				FA39AA5D263C642A0086C2CD /* AppDelegate.swift in Sources */,
				FAF77EEB263C6C910091C9CB /* UserProfile.swift in Sources */,
				FA5233F7264D83B900CD2B92 /* FeaturedPlaylistCollectionViewCell.swift in Sources */,
				FAF77EEE263C89DD0091C9CB /* Extensions.swift in Sources */,
				FA407DA3265AE2F700199BFE /* AllCategoriesResponse.swift in Sources */,
				FA7B64BE2662BC35008FA072 /* SearchResultSubtitleTableViewCellViewModel.swift in Sources */,
				FAF77EBE263C6A5A0091C9CB /* LibraryViewController.swift in Sources */,
				FAA5AFFA265E75CD0065199E /* SearchResult.swift in Sources */,
				FA82E5682656C8A0008AE398 /* PlaylistHeaderViewModel.swift in Sources */,
				FAF77EE8263C6C7D0091C9CB /* Artist.swift in Sources */,
				FA407D9D265807FC00199BFE /* AlbumTrackCollectionViewCell.swift in Sources */,
				FA7B64C12663AFF5008FA072 /* PlaybackPresenter.swift in Sources */,
				FAF77ED3263C6B520091C9CB /* PlaylistViewController.swift in Sources */,
				FA39AA5F263C642A0086C2CD /* SceneDelegate.swift in Sources */,
				FAA5AFF8265E445F0065199E /* SearchResultsResponse.swift in Sources */,
				FA5233EE264AEDB700CD2B92 /* FeaturedPlaylistResponse.swift in Sources */,
				FAF77ED0263C6B2D0091C9CB /* PlayerViewController.swift in Sources */,
				FAA5AFF6265C251F0065199E /* CategoryViewController.swift in Sources */,
				FAF77EDC263C6BEA0091C9CB /* APICaller.swift in Sources */,
				FAF77ECA263C6AEE0091C9CB /* SettingsViewController.swift in Sources */,
				FA7B64BC2662A745008FA072 /* SearchResultSubtitleTableViewCell.swift in Sources */,
				FA5233F2264BCAAA00CD2B92 /* RecommendationsResponse.swift in Sources */,
			);
			runOnlyForDeploymentPostprocessing = 0;
		};
/* End PBXSourcesBuildPhase section */

/* Begin PBXVariantGroup section */
		FA39AA67263C64310086C2CD /* LaunchScreen.storyboard */ = {
			isa = PBXVariantGroup;
			children = (
				FA39AA68263C64310086C2CD /* Base */,
			);
			name = LaunchScreen.storyboard;
			sourceTree = "<group>";
		};
/* End PBXVariantGroup section */

/* Begin XCBuildConfiguration section */
		FA39AA6B263C64310086C2CD /* Debug */ = {
			isa = XCBuildConfiguration;
			buildSettings = {
				ALWAYS_SEARCH_USER_PATHS = NO;
				CLANG_ANALYZER_NONNULL = YES;
				CLANG_ANALYZER_NUMBER_OBJECT_CONVERSION = YES_AGGRESSIVE;
				CLANG_CXX_LANGUAGE_STANDARD = "gnu++14";
				CLANG_CXX_LIBRARY = "libc++";
				CLANG_ENABLE_MODULES = YES;
				CLANG_ENABLE_OBJC_ARC = YES;
				CLANG_ENABLE_OBJC_WEAK = YES;
				CLANG_WARN_BLOCK_CAPTURE_AUTORELEASING = YES;
				CLANG_WARN_BOOL_CONVERSION = YES;
				CLANG_WARN_COMMA = YES;
				CLANG_WARN_CONSTANT_CONVERSION = YES;
				CLANG_WARN_DEPRECATED_OBJC_IMPLEMENTATIONS = YES;
				CLANG_WARN_DIRECT_OBJC_ISA_USAGE = YES_ERROR;
				CLANG_WARN_DOCUMENTATION_COMMENTS = YES;
				CLANG_WARN_EMPTY_BODY = YES;
				CLANG_WARN_ENUM_CONVERSION = YES;
				CLANG_WARN_INFINITE_RECURSION = YES;
				CLANG_WARN_INT_CONVERSION = YES;
				CLANG_WARN_NON_LITERAL_NULL_CONVERSION = YES;
				CLANG_WARN_OBJC_IMPLICIT_RETAIN_SELF = YES;
				CLANG_WARN_OBJC_LITERAL_CONVERSION = YES;
				CLANG_WARN_OBJC_ROOT_CLASS = YES_ERROR;
				CLANG_WARN_QUOTED_INCLUDE_IN_FRAMEWORK_HEADER = YES;
				CLANG_WARN_RANGE_LOOP_ANALYSIS = YES;
				CLANG_WARN_STRICT_PROTOTYPES = YES;
				CLANG_WARN_SUSPICIOUS_MOVE = YES;
				CLANG_WARN_UNGUARDED_AVAILABILITY = YES_AGGRESSIVE;
				CLANG_WARN_UNREACHABLE_CODE = YES;
				CLANG_WARN__DUPLICATE_METHOD_MATCH = YES;
				COPY_PHASE_STRIP = NO;
				DEBUG_INFORMATION_FORMAT = dwarf;
				ENABLE_STRICT_OBJC_MSGSEND = YES;
				ENABLE_TESTABILITY = YES;
				GCC_C_LANGUAGE_STANDARD = gnu11;
				GCC_DYNAMIC_NO_PIC = NO;
				GCC_NO_COMMON_BLOCKS = YES;
				GCC_OPTIMIZATION_LEVEL = 0;
				GCC_PREPROCESSOR_DEFINITIONS = (
					"DEBUG=1",
					"$(inherited)",
				);
				GCC_WARN_64_TO_32_BIT_CONVERSION = YES;
				GCC_WARN_ABOUT_RETURN_TYPE = YES_ERROR;
				GCC_WARN_UNDECLARED_SELECTOR = YES;
				GCC_WARN_UNINITIALIZED_AUTOS = YES_AGGRESSIVE;
				GCC_WARN_UNUSED_FUNCTION = YES;
				GCC_WARN_UNUSED_VARIABLE = YES;
				IPHONEOS_DEPLOYMENT_TARGET = 14.4;
				MTL_ENABLE_DEBUG_INFO = INCLUDE_SOURCE;
				MTL_FAST_MATH = YES;
				ONLY_ACTIVE_ARCH = YES;
				SDKROOT = iphoneos;
				SWIFT_ACTIVE_COMPILATION_CONDITIONS = DEBUG;
				SWIFT_OPTIMIZATION_LEVEL = "-Onone";
			};
			name = Debug;
		};
		FA39AA6C263C64310086C2CD /* Release */ = {
			isa = XCBuildConfiguration;
			buildSettings = {
				ALWAYS_SEARCH_USER_PATHS = NO;
				CLANG_ANALYZER_NONNULL = YES;
				CLANG_ANALYZER_NUMBER_OBJECT_CONVERSION = YES_AGGRESSIVE;
				CLANG_CXX_LANGUAGE_STANDARD = "gnu++14";
				CLANG_CXX_LIBRARY = "libc++";
				CLANG_ENABLE_MODULES = YES;
				CLANG_ENABLE_OBJC_ARC = YES;
				CLANG_ENABLE_OBJC_WEAK = YES;
				CLANG_WARN_BLOCK_CAPTURE_AUTORELEASING = YES;
				CLANG_WARN_BOOL_CONVERSION = YES;
				CLANG_WARN_COMMA = YES;
				CLANG_WARN_CONSTANT_CONVERSION = YES;
				CLANG_WARN_DEPRECATED_OBJC_IMPLEMENTATIONS = YES;
				CLANG_WARN_DIRECT_OBJC_ISA_USAGE = YES_ERROR;
				CLANG_WARN_DOCUMENTATION_COMMENTS = YES;
				CLANG_WARN_EMPTY_BODY = YES;
				CLANG_WARN_ENUM_CONVERSION = YES;
				CLANG_WARN_INFINITE_RECURSION = YES;
				CLANG_WARN_INT_CONVERSION = YES;
				CLANG_WARN_NON_LITERAL_NULL_CONVERSION = YES;
				CLANG_WARN_OBJC_IMPLICIT_RETAIN_SELF = YES;
				CLANG_WARN_OBJC_LITERAL_CONVERSION = YES;
				CLANG_WARN_OBJC_ROOT_CLASS = YES_ERROR;
				CLANG_WARN_QUOTED_INCLUDE_IN_FRAMEWORK_HEADER = YES;
				CLANG_WARN_RANGE_LOOP_ANALYSIS = YES;
				CLANG_WARN_STRICT_PROTOTYPES = YES;
				CLANG_WARN_SUSPICIOUS_MOVE = YES;
				CLANG_WARN_UNGUARDED_AVAILABILITY = YES_AGGRESSIVE;
				CLANG_WARN_UNREACHABLE_CODE = YES;
				CLANG_WARN__DUPLICATE_METHOD_MATCH = YES;
				COPY_PHASE_STRIP = NO;
				DEBUG_INFORMATION_FORMAT = "dwarf-with-dsym";
				ENABLE_NS_ASSERTIONS = NO;
				ENABLE_STRICT_OBJC_MSGSEND = YES;
				GCC_C_LANGUAGE_STANDARD = gnu11;
				GCC_NO_COMMON_BLOCKS = YES;
				GCC_WARN_64_TO_32_BIT_CONVERSION = YES;
				GCC_WARN_ABOUT_RETURN_TYPE = YES_ERROR;
				GCC_WARN_UNDECLARED_SELECTOR = YES;
				GCC_WARN_UNINITIALIZED_AUTOS = YES_AGGRESSIVE;
				GCC_WARN_UNUSED_FUNCTION = YES;
				GCC_WARN_UNUSED_VARIABLE = YES;
				IPHONEOS_DEPLOYMENT_TARGET = 14.4;
				MTL_ENABLE_DEBUG_INFO = NO;
				MTL_FAST_MATH = YES;
				SDKROOT = iphoneos;
				SWIFT_COMPILATION_MODE = wholemodule;
				SWIFT_OPTIMIZATION_LEVEL = "-O";
				VALIDATE_PRODUCT = YES;
			};
			name = Release;
		};
		FA39AA6E263C64310086C2CD /* Debug */ = {
			isa = XCBuildConfiguration;
			baseConfigurationReference = 8993ED8FB5AA40259ECCD268 /* Pods-Spotify.debug.xcconfig */;
			buildSettings = {
				ASSETCATALOG_COMPILER_APPICON_NAME = AppIcon;
				ASSETCATALOG_COMPILER_GLOBAL_ACCENT_COLOR_NAME = AccentColor;
				CODE_SIGN_STYLE = Automatic;
				DEVELOPMENT_TEAM = 573CM7Y6R3;
				INFOPLIST_FILE = Spotify/Info.plist;
				LD_RUNPATH_SEARCH_PATHS = (
					"$(inherited)",
					"@executable_path/Frameworks",
				);
				PRODUCT_BUNDLE_IDENTIFIER = com.Spotify;
				PRODUCT_NAME = "$(TARGET_NAME)";
				SWIFT_VERSION = 5.0;
				TARGETED_DEVICE_FAMILY = "1,2";
			};
			name = Debug;
		};
		FA39AA6F263C64310086C2CD /* Release */ = {
			isa = XCBuildConfiguration;
			baseConfigurationReference = DA8859438CF500AC4C64D0FA /* Pods-Spotify.release.xcconfig */;
			buildSettings = {
				ASSETCATALOG_COMPILER_APPICON_NAME = AppIcon;
				ASSETCATALOG_COMPILER_GLOBAL_ACCENT_COLOR_NAME = AccentColor;
				CODE_SIGN_STYLE = Automatic;
				DEVELOPMENT_TEAM = 573CM7Y6R3;
				INFOPLIST_FILE = Spotify/Info.plist;
				LD_RUNPATH_SEARCH_PATHS = (
					"$(inherited)",
					"@executable_path/Frameworks",
				);
				PRODUCT_BUNDLE_IDENTIFIER = com.Spotify;
				PRODUCT_NAME = "$(TARGET_NAME)";
				SWIFT_VERSION = 5.0;
				TARGETED_DEVICE_FAMILY = "1,2";
			};
			name = Release;
		};
/* End XCBuildConfiguration section */

/* Begin XCConfigurationList section */
		FA39AA54263C64290086C2CD /* Build configuration list for PBXProject "Spotify" */ = {
			isa = XCConfigurationList;
			buildConfigurations = (
				FA39AA6B263C64310086C2CD /* Debug */,
				FA39AA6C263C64310086C2CD /* Release */,
			);
			defaultConfigurationIsVisible = 0;
			defaultConfigurationName = Release;
		};
		FA39AA6D263C64310086C2CD /* Build configuration list for PBXNativeTarget "Spotify" */ = {
			isa = XCConfigurationList;
			buildConfigurations = (
				FA39AA6E263C64310086C2CD /* Debug */,
				FA39AA6F263C64310086C2CD /* Release */,
			);
			defaultConfigurationIsVisible = 0;
			defaultConfigurationName = Release;
		};
/* End XCConfigurationList section */
	};
	rootObject = FA39AA51263C64290086C2CD /* Project object */;
}
